// !$*UTF8*$!
{
	archiveVersion = 1;
	classes = {
	};
	objectVersion = 56;
	objects = {

/* Begin PBXBuildFile section */
		7899A7302C35A22A00E6FF04 /* sharelink-for-swiftui in Frameworks */ = {isa = PBXBuildFile; productRef = 7899A72F2C35A22A00E6FF04 /* sharelink-for-swiftui */; };
		78A045F52C35329B0037A921 /* sharelink_for_swiftui_exampleApp.swift in Sources */ = {isa = PBXBuildFile; fileRef = 78A045F42C35329B0037A921 /* sharelink_for_swiftui_exampleApp.swift */; };
		78A045F72C35329B0037A921 /* ContentView.swift in Sources */ = {isa = PBXBuildFile; fileRef = 78A045F62C35329B0037A921 /* ContentView.swift */; };
		78A045F92C35329C0037A921 /* Assets.xcassets in Resources */ = {isa = PBXBuildFile; fileRef = 78A045F82C35329C0037A921 /* Assets.xcassets */; };
		78A045FC2C35329C0037A921 /* Preview Assets.xcassets in Resources */ = {isa = PBXBuildFile; fileRef = 78A045FB2C35329C0037A921 /* Preview Assets.xcassets */; };
		78A046062C3533190037A921 /* CustomActivityItemSource.swift in Sources */ = {isa = PBXBuildFile; fileRef = 78A046052C3533190037A921 /* CustomActivityItemSource.swift */; };
		78A0460C2C3536780037A921 /* README.md in Resources */ = {isa = PBXBuildFile; fileRef = 78A0460B2C3536780037A921 /* README.md */; };
		78A0462E2C353CBD0037A921 /* sharelink_swiftui.jpeg in Resources */ = {isa = PBXBuildFile; fileRef = 78A0462C2C353CBD0037A921 /* sharelink_swiftui.jpeg */; };
		78A046332C353DB60037A921 /* sharelink .gif in Resources */ = {isa = PBXBuildFile; fileRef = 78A046322C353DB50037A921 /* sharelink .gif */; };
/* End PBXBuildFile section */

/* Begin PBXFileReference section */
		78A045F12C35329B0037A921 /* sharelink-for-swiftui-example.app */ = {isa = PBXFileReference; explicitFileType = wrapper.application; includeInIndex = 0; path = "sharelink-for-swiftui-example.app"; sourceTree = BUILT_PRODUCTS_DIR; };
		78A045F42C35329B0037A921 /* sharelink_for_swiftui_exampleApp.swift */ = {isa = PBXFileReference; lastKnownFileType = sourcecode.swift; path = sharelink_for_swiftui_exampleApp.swift; sourceTree = "<group>"; };
		78A045F62C35329B0037A921 /* ContentView.swift */ = {isa = PBXFileReference; lastKnownFileType = sourcecode.swift; path = ContentView.swift; sourceTree = "<group>"; };
		78A045F82C35329C0037A921 /* Assets.xcassets */ = {isa = PBXFileReference; lastKnownFileType = folder.assetcatalog; path = Assets.xcassets; sourceTree = "<group>"; };
		78A045FB2C35329C0037A921 /* Preview Assets.xcassets */ = {isa = PBXFileReference; lastKnownFileType = folder.assetcatalog; path = "Preview Assets.xcassets"; sourceTree = "<group>"; };
		78A046052C3533190037A921 /* CustomActivityItemSource.swift */ = {isa = PBXFileReference; fileEncoding = 4; lastKnownFileType = sourcecode.swift; path = CustomActivityItemSource.swift; sourceTree = "<group>"; };
		78A0460B2C3536780037A921 /* README.md */ = {isa = PBXFileReference; fileEncoding = 4; lastKnownFileType = net.daringfireball.markdown; path = README.md; sourceTree = "<group>"; };
		78A0462C2C353CBD0037A921 /* sharelink_swiftui.jpeg */ = {isa = PBXFileReference; lastKnownFileType = image.jpeg; path = sharelink_swiftui.jpeg; sourceTree = "<group>"; };
		78A046322C353DB50037A921 /* sharelink .gif */ = {isa = PBXFileReference; lastKnownFileType = image.gif; path = "sharelink .gif"; sourceTree = "<group>"; };
/* End PBXFileReference section */

/* Begin PBXFrameworksBuildPhase section */
		78A045EE2C35329B0037A921 /* Frameworks */ = {
			isa = PBXFrameworksBuildPhase;
			buildActionMask = 2147483647;
			files = (
				7899A7302C35A22A00E6FF04 /* sharelink-for-swiftui in Frameworks */,
			);
			runOnlyForDeploymentPostprocessing = 0;
		};
/* End PBXFrameworksBuildPhase section */

/* Begin PBXGroup section */
		78563D5A2C35A0BB003B87FC /* Frameworks */ = {
			isa = PBXGroup;
			children = (
			);
			name = Frameworks;
			sourceTree = "<group>";
		};
		78A045E82C35329B0037A921 = {
			isa = PBXGroup;
			children = (
				78A0462B2C353CA10037A921 /* img */,
				78A0460B2C3536780037A921 /* README.md */,
				78A045F32C35329B0037A921 /* sharelink-for-swiftui-example */,
				78A045F22C35329B0037A921 /* Products */,
				78563D5A2C35A0BB003B87FC /* Frameworks */,
			);
			sourceTree = "<group>";
		};
		78A045F22C35329B0037A921 /* Products */ = {
			isa = PBXGroup;
			children = (
				78A045F12C35329B0037A921 /* sharelink-for-swiftui-example.app */,
			);
			name = Products;
			sourceTree = "<group>";
		};
		78A045F32C35329B0037A921 /* sharelink-for-swiftui-example */ = {
			isa = PBXGroup;
			children = (
				78A046052C3533190037A921 /* CustomActivityItemSource.swift */,
				78A045F42C35329B0037A921 /* sharelink_for_swiftui_exampleApp.swift */,
				78A045F62C35329B0037A921 /* ContentView.swift */,
				78A045F82C35329C0037A921 /* Assets.xcassets */,
				78A045FA2C35329C0037A921 /* Preview Content */,
			);
			path = "sharelink-for-swiftui-example";
			sourceTree = "<group>";
		};
		78A045FA2C35329C0037A921 /* Preview Content */ = {
			isa = PBXGroup;
			children = (
				78A045FB2C35329C0037A921 /* Preview Assets.xcassets */,
			);
			path = "Preview Content";
			sourceTree = "<group>";
		};
		78A0462B2C353CA10037A921 /* img */ = {
			isa = PBXGroup;
			children = (
				78A046322C353DB50037A921 /* sharelink .gif */,
				78A0462C2C353CBD0037A921 /* sharelink_swiftui.jpeg */,
			);
			path = img;
			sourceTree = "<group>";
		};
/* End PBXGroup section */

/* Begin PBXNativeTarget section */
		78A045F02C35329B0037A921 /* sharelink-for-swiftui-example */ = {
			isa = PBXNativeTarget;
			buildConfigurationList = 78A045FF2C35329C0037A921 /* Build configuration list for PBXNativeTarget "sharelink-for-swiftui-example" */;
			buildPhases = (
				78A045ED2C35329B0037A921 /* Sources */,
				78A045EE2C35329B0037A921 /* Frameworks */,
				78A045EF2C35329B0037A921 /* Resources */,
			);
			buildRules = (
			);
			dependencies = (
			);
			name = "sharelink-for-swiftui-example";
			packageProductDependencies = (
				7899A72F2C35A22A00E6FF04 /* sharelink-for-swiftui */,
			);
			productName = "sharelink-for-swiftui-example";
			productReference = 78A045F12C35329B0037A921 /* sharelink-for-swiftui-example.app */;
			productType = "com.apple.product-type.application";
		};
/* End PBXNativeTarget section */

/* Begin PBXProject section */
		78A045E92C35329B0037A921 /* Project object */ = {
			isa = PBXProject;
			attributes = {
				BuildIndependentTargetsInParallel = 1;
				LastSwiftUpdateCheck = 1530;
				LastUpgradeCheck = 1530;
				TargetAttributes = {
					78A045F02C35329B0037A921 = {
						CreatedOnToolsVersion = 15.3;
					};
				};
			};
			buildConfigurationList = 78A045EC2C35329B0037A921 /* Build configuration list for PBXProject "sharelink-for-swiftui-example" */;
			compatibilityVersion = "Xcode 14.0";
			developmentRegion = en;
			hasScannedForEncodings = 0;
			knownRegions = (
				en,
				Base,
			);
			mainGroup = 78A045E82C35329B0037A921;
			packageReferences = (
				7899A72E2C35A1C800E6FF04 /* XCRemoteSwiftPackageReference "sharelink-swiftui-ios" */,
			);
			productRefGroup = 78A045F22C35329B0037A921 /* Products */;
			projectDirPath = "";
			projectRoot = "";
			targets = (
				78A045F02C35329B0037A921 /* sharelink-for-swiftui-example */,
			);
		};
/* End PBXProject section */

/* Begin PBXResourcesBuildPhase section */
		78A045EF2C35329B0037A921 /* Resources */ = {
			isa = PBXResourcesBuildPhase;
			buildActionMask = 2147483647;
			files = (
				78A0460C2C3536780037A921 /* README.md in Resources */,
				78A0462E2C353CBD0037A921 /* sharelink_swiftui.jpeg in Resources */,
				78A045FC2C35329C0037A921 /* Preview Assets.xcassets in Resources */,
				78A046332C353DB60037A921 /* sharelink .gif in Resources */,
				78A045F92C35329C0037A921 /* Assets.xcassets in Resources */,
			);
			runOnlyForDeploymentPostprocessing = 0;
		};
/* End PBXResourcesBuildPhase section */

/* Begin PBXSourcesBuildPhase section */
		78A045ED2C35329B0037A921 /* Sources */ = {
			isa = PBXSourcesBuildPhase;
			buildActionMask = 2147483647;
			files = (
				78A046062C3533190037A921 /* CustomActivityItemSource.swift in Sources */,
				78A045F72C35329B0037A921 /* ContentView.swift in Sources */,
				78A045F52C35329B0037A921 /* sharelink_for_swiftui_exampleApp.swift in Sources */,
			);
			runOnlyForDeploymentPostprocessing = 0;
		};
/* End PBXSourcesBuildPhase section */

/* Begin XCBuildConfiguration section */
		78A045FD2C35329C0037A921 /* Debug */ = {
			isa = XCBuildConfiguration;
			buildSettings = {
				ALWAYS_SEARCH_USER_PATHS = NO;
				ASSETCATALOG_COMPILER_GENERATE_SWIFT_ASSET_SYMBOL_EXTENSIONS = YES;
				CLANG_ANALYZER_NONNULL = YES;
				CLANG_ANALYZER_NUMBER_OBJECT_CONVERSION = YES_AGGRESSIVE;
				CLANG_CXX_LANGUAGE_STANDARD = "gnu++20";
				CLANG_ENABLE_MODULES = YES;
				CLANG_ENABLE_OBJC_ARC = YES;
				CLANG_ENABLE_OBJC_WEAK = YES;
				CLANG_WARN_BLOCK_CAPTURE_AUTORELEASING = YES;
				CLANG_WARN_BOOL_CONVERSION = YES;
				CLANG_WARN_COMMA = YES;
				CLANG_WARN_CONSTANT_CONVERSION = YES;
				CLANG_WARN_DEPRECATED_OBJC_IMPLEMENTATIONS = YES;
				CLANG_WARN_DIRECT_OBJC_ISA_USAGE = YES_ERROR;
				CLANG_WARN_DOCUMENTATION_COMMENTS = YES;
				CLANG_WARN_EMPTY_BODY = YES;
				CLANG_WARN_ENUM_CONVERSION = YES;
				CLANG_WARN_INFINITE_RECURSION = YES;
				CLANG_WARN_INT_CONVERSION = YES;
				CLANG_WARN_NON_LITERAL_NULL_CONVERSION = YES;
				CLANG_WARN_OBJC_IMPLICIT_RETAIN_SELF = YES;
				CLANG_WARN_OBJC_LITERAL_CONVERSION = YES;
				CLANG_WARN_OBJC_ROOT_CLASS = YES_ERROR;
				CLANG_WARN_QUOTED_INCLUDE_IN_FRAMEWORK_HEADER = YES;
				CLANG_WARN_RANGE_LOOP_ANALYSIS = YES;
				CLANG_WARN_STRICT_PROTOTYPES = YES;
				CLANG_WARN_SUSPICIOUS_MOVE = YES;
				CLANG_WARN_UNGUARDED_AVAILABILITY = YES_AGGRESSIVE;
				CLANG_WARN_UNREACHABLE_CODE = YES;
				CLANG_WARN__DUPLICATE_METHOD_MATCH = YES;
				COPY_PHASE_STRIP = NO;
				DEBUG_INFORMATION_FORMAT = dwarf;
				ENABLE_STRICT_OBJC_MSGSEND = YES;
				ENABLE_TESTABILITY = YES;
				ENABLE_USER_SCRIPT_SANDBOXING = YES;
				GCC_C_LANGUAGE_STANDARD = gnu17;
				GCC_DYNAMIC_NO_PIC = NO;
				GCC_NO_COMMON_BLOCKS = YES;
				GCC_OPTIMIZATION_LEVEL = 0;
				GCC_PREPROCESSOR_DEFINITIONS = (
					"DEBUG=1",
					"$(inherited)",
				);
				GCC_WARN_64_TO_32_BIT_CONVERSION = YES;
				GCC_WARN_ABOUT_RETURN_TYPE = YES_ERROR;
				GCC_WARN_UNDECLARED_SELECTOR = YES;
				GCC_WARN_UNINITIALIZED_AUTOS = YES_AGGRESSIVE;
				GCC_WARN_UNUSED_FUNCTION = YES;
				GCC_WARN_UNUSED_VARIABLE = YES;
				IPHONEOS_DEPLOYMENT_TARGET = 17.4;
				LOCALIZATION_PREFERS_STRING_CATALOGS = YES;
				MTL_ENABLE_DEBUG_INFO = INCLUDE_SOURCE;
				MTL_FAST_MATH = YES;
				ONLY_ACTIVE_ARCH = YES;
				SDKROOT = iphoneos;
				SWIFT_ACTIVE_COMPILATION_CONDITIONS = "DEBUG $(inherited)";
				SWIFT_OPTIMIZATION_LEVEL = "-Onone";
			};
			name = Debug;
		};
		78A045FE2C35329C0037A921 /* Release */ = {
			isa = XCBuildConfiguration;
			buildSettings = {
				ALWAYS_SEARCH_USER_PATHS = NO;
				ASSETCATALOG_COMPILER_GENERATE_SWIFT_ASSET_SYMBOL_EXTENSIONS = YES;
				CLANG_ANALYZER_NONNULL = YES;
				CLANG_ANALYZER_NUMBER_OBJECT_CONVERSION = YES_AGGRESSIVE;
				CLANG_CXX_LANGUAGE_STANDARD = "gnu++20";
				CLANG_ENABLE_MODULES = YES;
				CLANG_ENABLE_OBJC_ARC = YES;
				CLANG_ENABLE_OBJC_WEAK = YES;
				CLANG_WARN_BLOCK_CAPTURE_AUTORELEASING = YES;
				CLANG_WARN_BOOL_CONVERSION = YES;
				CLANG_WARN_COMMA = YES;
				CLANG_WARN_CONSTANT_CONVERSION = YES;
				CLANG_WARN_DEPRECATED_OBJC_IMPLEMENTATIONS = YES;
				CLANG_WARN_DIRECT_OBJC_ISA_USAGE = YES_ERROR;
				CLANG_WARN_DOCUMENTATION_COMMENTS = YES;
				CLANG_WARN_EMPTY_BODY = YES;
				CLANG_WARN_ENUM_CONVERSION = YES;
				CLANG_WARN_INFINITE_RECURSION = YES;
				CLANG_WARN_INT_CONVERSION = YES;
				CLANG_WARN_NON_LITERAL_NULL_CONVERSION = YES;
				CLANG_WARN_OBJC_IMPLICIT_RETAIN_SELF = YES;
				CLANG_WARN_OBJC_LITERAL_CONVERSION = YES;
				CLANG_WARN_OBJC_ROOT_CLASS = YES_ERROR;
				CLANG_WARN_QUOTED_INCLUDE_IN_FRAMEWORK_HEADER = YES;
				CLANG_WARN_RANGE_LOOP_ANALYSIS = YES;
				CLANG_WARN_STRICT_PROTOTYPES = YES;
				CLANG_WARN_SUSPICIOUS_MOVE = YES;
				CLANG_WARN_UNGUARDED_AVAILABILITY = YES_AGGRESSIVE;
				CLANG_WARN_UNREACHABLE_CODE = YES;
				CLANG_WARN__DUPLICATE_METHOD_MATCH = YES;
				COPY_PHASE_STRIP = NO;
				DEBUG_INFORMATION_FORMAT = "dwarf-with-dsym";
				ENABLE_NS_ASSERTIONS = NO;
				ENABLE_STRICT_OBJC_MSGSEND = YES;
				ENABLE_USER_SCRIPT_SANDBOXING = YES;
				GCC_C_LANGUAGE_STANDARD = gnu17;
				GCC_NO_COMMON_BLOCKS = YES;
				GCC_WARN_64_TO_32_BIT_CONVERSION = YES;
				GCC_WARN_ABOUT_RETURN_TYPE = YES_ERROR;
				GCC_WARN_UNDECLARED_SELECTOR = YES;
				GCC_WARN_UNINITIALIZED_AUTOS = YES_AGGRESSIVE;
				GCC_WARN_UNUSED_FUNCTION = YES;
				GCC_WARN_UNUSED_VARIABLE = YES;
				IPHONEOS_DEPLOYMENT_TARGET = 17.4;
				LOCALIZATION_PREFERS_STRING_CATALOGS = YES;
				MTL_ENABLE_DEBUG_INFO = NO;
				MTL_FAST_MATH = YES;
				SDKROOT = iphoneos;
				SWIFT_COMPILATION_MODE = wholemodule;
				VALIDATE_PRODUCT = YES;
			};
			name = Release;
		};
		78A046002C35329C0037A921 /* Debug */ = {
			isa = XCBuildConfiguration;
			buildSettings = {
				ASSETCATALOG_COMPILER_APPICON_NAME = AppIcon;
				ASSETCATALOG_COMPILER_GLOBAL_ACCENT_COLOR_NAME = AccentColor;
				CODE_SIGN_STYLE = Automatic;
				CURRENT_PROJECT_VERSION = 1;
				DEVELOPMENT_ASSET_PATHS = "\"sharelink-for-swiftui-example/Preview Content\"";
				DEVELOPMENT_TEAM = FZ42RW4USG;
				ENABLE_PREVIEWS = YES;
				GENERATE_INFOPLIST_FILE = YES;
				INFOPLIST_KEY_UIApplicationSceneManifest_Generation = YES;
				INFOPLIST_KEY_UIApplicationSupportsIndirectInputEvents = YES;
				INFOPLIST_KEY_UILaunchScreen_Generation = YES;
				INFOPLIST_KEY_UISupportedInterfaceOrientations_iPad = "UIInterfaceOrientationPortrait UIInterfaceOrientationPortraitUpsideDown UIInterfaceOrientationLandscapeLeft UIInterfaceOrientationLandscapeRight";
				INFOPLIST_KEY_UISupportedInterfaceOrientations_iPhone = "UIInterfaceOrientationPortrait UIInterfaceOrientationLandscapeLeft UIInterfaceOrientationLandscapeRight";
				IPHONEOS_DEPLOYMENT_TARGET = 14.0;
				LD_RUNPATH_SEARCH_PATHS = (
					"$(inherited)",
					"@executable_path/Frameworks",
				);
				MARKETING_VERSION = 1.0;
				PRODUCT_BUNDLE_IDENTIFIER = "igorshell.sharelink-for-swiftui-example";
				PRODUCT_NAME = "$(TARGET_NAME)";
				SUPPORTED_PLATFORMS = "iphoneos iphonesimulator";
				SUPPORTS_MACCATALYST = NO;
				SUPPORTS_MAC_DESIGNED_FOR_IPHONE_IPAD = NO;
				SWIFT_EMIT_LOC_STRINGS = YES;
				SWIFT_VERSION = 5.0;
				TARGETED_DEVICE_FAMILY = "1,2";
			};
			name = Debug;
		};
		78A046012C35329C0037A921 /* Release */ = {
			isa = XCBuildConfiguration;
			buildSettings = {
				ASSETCATALOG_COMPILER_APPICON_NAME = AppIcon;
				ASSETCATALOG_COMPILER_GLOBAL_ACCENT_COLOR_NAME = AccentColor;
				CODE_SIGN_STYLE = Automatic;
				CURRENT_PROJECT_VERSION = 1;
				DEVELOPMENT_ASSET_PATHS = "\"sharelink-for-swiftui-example/Preview Content\"";
				DEVELOPMENT_TEAM = FZ42RW4USG;
				ENABLE_PREVIEWS = YES;
				GENERATE_INFOPLIST_FILE = YES;
				INFOPLIST_KEY_UIApplicationSceneManifest_Generation = YES;
				INFOPLIST_KEY_UIApplicationSupportsIndirectInputEvents = YES;
				INFOPLIST_KEY_UILaunchScreen_Generation = YES;
				INFOPLIST_KEY_UISupportedInterfaceOrientations_iPad = "UIInterfaceOrientationPortrait UIInterfaceOrientationPortraitUpsideDown UIInterfaceOrientationLandscapeLeft UIInterfaceOrientationLandscapeRight";
				INFOPLIST_KEY_UISupportedInterfaceOrientations_iPhone = "UIInterfaceOrientationPortrait UIInterfaceOrientationLandscapeLeft UIInterfaceOrientationLandscapeRight";
				IPHONEOS_DEPLOYMENT_TARGET = 14.0;
				LD_RUNPATH_SEARCH_PATHS = (
					"$(inherited)",
					"@executable_path/Frameworks",
				);
				MARKETING_VERSION = 1.0;
				PRODUCT_BUNDLE_IDENTIFIER = "igorshell.sharelink-for-swiftui-example";
				PRODUCT_NAME = "$(TARGET_NAME)";
				SUPPORTED_PLATFORMS = "iphoneos iphonesimulator";
				SUPPORTS_MACCATALYST = NO;
				SUPPORTS_MAC_DESIGNED_FOR_IPHONE_IPAD = NO;
				SWIFT_EMIT_LOC_STRINGS = YES;
				SWIFT_VERSION = 5.0;
				TARGETED_DEVICE_FAMILY = "1,2";
			};
			name = Release;
		};
/* End XCBuildConfiguration section */

/* Begin XCConfigurationList section */
		78A045EC2C35329B0037A921 /* Build configuration list for PBXProject "sharelink-for-swiftui-example" */ = {
			isa = XCConfigurationList;
			buildConfigurations = (
				78A045FD2C35329C0037A921 /* Debug */,
				78A045FE2C35329C0037A921 /* Release */,
			);
			defaultConfigurationIsVisible = 0;
			defaultConfigurationName = Release;
		};
		78A045FF2C35329C0037A921 /* Build configuration list for PBXNativeTarget "sharelink-for-swiftui-example" */ = {
			isa = XCConfigurationList;
			buildConfigurations = (
				78A046002C35329C0037A921 /* Debug */,
				78A046012C35329C0037A921 /* Release */,
			);
			defaultConfigurationIsVisible = 0;
			defaultConfigurationName = Release;
		};
/* End XCConfigurationList section */

/* Begin XCRemoteSwiftPackageReference section */
		7899A72E2C35A1C800E6FF04 /* XCRemoteSwiftPackageReference "sharelink-swiftui-ios" */ = {
			isa = XCRemoteSwiftPackageReference;
			repositoryURL = "https://github.com/swiftuiux/sharelink-swiftui-ios";
			requirement = {
				branch = main;
				kind = branch;
			};
		};
/* End XCRemoteSwiftPackageReference section */

/* Begin XCSwiftPackageProductDependency section */
		7899A72F2C35A22A00E6FF04 /* sharelink-for-swiftui */ = {
			isa = XCSwiftPackageProductDependency;
			package = 7899A72E2C35A1C800E6FF04 /* XCRemoteSwiftPackageReference "sharelink-swiftui-ios" */;
			productName = "sharelink-for-swiftui";
		};
/* End XCSwiftPackageProductDependency section */
	};
	rootObject = 78A045E92C35329B0037A921 /* Project object */;
}
