{
  "originHash" : "392b7dda72d115bc932b9a2bc5e0f12cfee9bce010439f60596f1b28f0ad777a",
  "pins" : [
    {
      "identity" : "sharelink-for-swiftui",
      "kind" : "remoteSourceControl",
      "location" : "https://github.com/The-Igor/sharelink-for-swiftui",
      "state" : {
        "branch" : "main",
        "revision" : "d8ce8a54ea47dee19d9840f59dea4679d0904196"
      }
    }
  ],
  "version" : 3
}
