{
  "originHash" : "dec3e7b655e3b19c47b4cfcfc69785916d7173b53d8561c24ab672907b830c71",
  "pins" : [
    {
      "identity" : "share-link-swiftui-ios",
      "kind" : "remoteSourceControl",
      "location" : "https://github.com/swiftuiux/share-link-swiftui-ios",
      "state" : {
        "branch" : "main",
        "revision" : "45ef39bd792e90f31f2c0681084b0e85d7662684"
      }
    }
  ],
  "version" : 3
}
