{
  "originHash" : "670aa44a7f4596155d5994e3b41f31f8b5e25216dcf6d0983968ef0346ee6f23",
  "pins" : [
    {
      "identity" : "sharelink-for-swiftui",
      "kind" : "remoteSourceControl",
      "location" : "https://github.com/igor11191708/sharelink-for-swiftui",
      "state" : {
        "branch" : "main",
        "revision" : "d8ce8a54ea47dee19d9840f59dea4679d0904196"
      }
    }
  ],
  "version" : 3
}
